
Microsoft Visual Studio Solution File, Format Version 12.00
# Visual Studio 15
VisualStudioVersion = 15.0.26430.6
MinimumVisualStudioVersion = 10.0.40219.1
Project("{FAE04EC0-301F-11D3-BF4B-00C04F79EFBC}") = "NetCoreTestCI.Framework", "NetCoreTestCI.Framework\NetCoreTestCI.Framework.csproj", "{12983AD7-FC3D-409A-B89B-F95348A0B7C2}"
EndProject
Project("{FAE04EC0-301F-11D3-BF4B-00C04F79EFBC}") = "NetCoreTestCI.Test", "NetCoreTestCI.Test\NetCoreTestCI.Test.csproj", "{BC81EBE9-4723-49F4-B901-0E27AE9F0D45}"
EndProject
Project("{FAE04EC0-301F-11D3-BF4B-00C04F79EFBC}") = "NetCoreTestCI.Web", "NetCoreTestCI.Web\NetCoreTestCI.Web.csproj", "{81652951-EF0D-434F-86E2-2F2627AE4943}"
EndProject
Global
	GlobalSection(SolutionConfigurationPlatforms) = preSolution
		Debug|Any CPU = Debug|Any CPU
		Release|Any CPU = Release|Any CPU
	EndGlobalSection
	GlobalSection(ProjectConfigurationPlatforms) = postSolution
		{12983AD7-FC3D-409A-B89B-F95348A0B7C2}.Debug|Any CPU.ActiveCfg = Debug|Any CPU
		{12983AD7-FC3D-409A-B89B-F95348A0B7C2}.Debug|Any CPU.Build.0 = Debug|Any CPU
		{12983AD7-FC3D-409A-B89B-F95348A0B7C2}.Release|Any CPU.ActiveCfg = Release|Any CPU
		{12983AD7-FC3D-409A-B89B-F95348A0B7C2}.Release|Any CPU.Build.0 = Release|Any CPU
		{BC81EBE9-4723-49F4-B901-0E27AE9F0D45}.Debug|Any CPU.ActiveCfg = Debug|Any CPU
		{BC81EBE9-4723-49F4-B901-0E27AE9F0D45}.Debug|Any CPU.Build.0 = Debug|Any CPU
		{BC81EBE9-4723-49F4-B901-0E27AE9F0D45}.Release|Any CPU.ActiveCfg = Release|Any CPU
		{BC81EBE9-4723-49F4-B901-0E27AE9F0D45}.Release|Any CPU.Build.0 = Release|Any CPU
		{81652951-EF0D-434F-86E2-2F2627AE4943}.Debug|Any CPU.ActiveCfg = Debug|Any CPU
		{81652951-EF0D-434F-86E2-2F2627AE4943}.Debug|Any CPU.Build.0 = Debug|Any CPU
		{81652951-EF0D-434F-86E2-2F2627AE4943}.Release|Any CPU.ActiveCfg = Release|Any CPU
		{81652951-EF0D-434F-86E2-2F2627AE4943}.Release|Any CPU.Build.0 = Release|Any CPU
	EndGlobalSection
	GlobalSection(SolutionProperties) = preSolution
		HideSolutionNode = FALSE
	EndGlobalSection
EndGlobal
